// !$*UTF8*$!
{
	archiveVersion = 1;
	classes = {
	};
	objectVersion = 50;
	objects = {

/* Begin PBXBuildFile section */
		7660D6692405CC4300163751 /* ItemCell.swift in Sources */ = {isa = PBXBuildFile; fileRef = 7660D6682405CC4300163751 /* ItemCell.swift */; };
		7660D66B2405CF2A00163751 /* Color+Extension.swift in Sources */ = {isa = PBXBuildFile; fileRef = 7660D66A2405CF2A00163751 /* Color+Extension.swift */; };
		768C43822404C79E008C5454 /* Item+CoreDataClass.swift in Sources */ = {isa = PBXBuildFile; fileRef = 768C43802404C79E008C5454 /* Item+CoreDataClass.swift */; };
		768C43832404C79E008C5454 /* Item+CoreDataProperties.swift in Sources */ = {isa = PBXBuildFile; fileRef = 768C43812404C79E008C5454 /* Item+CoreDataProperties.swift */; };
		76B4A13F2404991100DBE46C /* AddItemSheet.swift in Sources */ = {isa = PBXBuildFile; fileRef = 76B4A13E2404991100DBE46C /* AddItemSheet.swift */; };
		76D4E2A82403FF21002CECAD /* AppDelegate.swift in Sources */ = {isa = PBXBuildFile; fileRef = 76D4E2A72403FF21002CECAD /* AppDelegate.swift */; };
		76D4E2AA2403FF21002CECAD /* SceneDelegate.swift in Sources */ = {isa = PBXBuildFile; fileRef = 76D4E2A92403FF21002CECAD /* SceneDelegate.swift */; };
		76D4E2AD2403FF21002CECAD /* ShoppingList.xcdatamodeld in Sources */ = {isa = PBXBuildFile; fileRef = 76D4E2AB2403FF21002CECAD /* ShoppingList.xcdatamodeld */; };
		76D4E2AF2403FF21002CECAD /* ContentView.swift in Sources */ = {isa = PBXBuildFile; fileRef = 76D4E2AE2403FF21002CECAD /* ContentView.swift */; };
		76D4E2B12403FF23002CECAD /* Assets.xcassets in Resources */ = {isa = PBXBuildFile; fileRef = 76D4E2B02403FF23002CECAD /* Assets.xcassets */; };
		76D4E2B42403FF23002CECAD /* Preview Assets.xcassets in Resources */ = {isa = PBXBuildFile; fileRef = 76D4E2B32403FF23002CECAD /* Preview Assets.xcassets */; };
		76D4E2B72403FF23002CECAD /* LaunchScreen.storyboard in Resources */ = {isa = PBXBuildFile; fileRef = 76D4E2B52403FF23002CECAD /* LaunchScreen.storyboard */; };
/* End PBXBuildFile section */

/* Begin PBXFileReference section */
		7660D6682405CC4300163751 /* ItemCell.swift */ = {isa = PBXFileReference; lastKnownFileType = sourcecode.swift; path = ItemCell.swift; sourceTree = "<group>"; };
		7660D66A2405CF2A00163751 /* Color+Extension.swift */ = {isa = PBXFileReference; lastKnownFileType = sourcecode.swift; path = "Color+Extension.swift"; sourceTree = "<group>"; };
		768C43802404C79E008C5454 /* Item+CoreDataClass.swift */ = {isa = PBXFileReference; lastKnownFileType = sourcecode.swift; name = "Item+CoreDataClass.swift"; path = "ShoppingList/Item+CoreDataClass.swift"; sourceTree = "<group>"; };
		768C43812404C79E008C5454 /* Item+CoreDataProperties.swift */ = {isa = PBXFileReference; lastKnownFileType = sourcecode.swift; name = "Item+CoreDataProperties.swift"; path = "ShoppingList/Item+CoreDataProperties.swift"; sourceTree = "<group>"; };
		76B4A13E2404991100DBE46C /* AddItemSheet.swift */ = {isa = PBXFileReference; lastKnownFileType = sourcecode.swift; path = AddItemSheet.swift; sourceTree = "<group>"; };
		76D4E2A42403FF21002CECAD /* ShoppingList.app */ = {isa = PBXFileReference; explicitFileType = wrapper.application; includeInIndex = 0; path = ShoppingList.app; sourceTree = BUILT_PRODUCTS_DIR; };
		76D4E2A72403FF21002CECAD /* AppDelegate.swift */ = {isa = PBXFileReference; lastKnownFileType = sourcecode.swift; path = AppDelegate.swift; sourceTree = "<group>"; };
		76D4E2A92403FF21002CECAD /* SceneDelegate.swift */ = {isa = PBXFileReference; lastKnownFileType = sourcecode.swift; path = SceneDelegate.swift; sourceTree = "<group>"; };
		76D4E2AC2403FF21002CECAD /* ShoppingList.xcdatamodel */ = {isa = PBXFileReference; lastKnownFileType = wrapper.xcdatamodel; path = ShoppingList.xcdatamodel; sourceTree = "<group>"; };
		76D4E2AE2403FF21002CECAD /* ContentView.swift */ = {isa = PBXFileReference; lastKnownFileType = sourcecode.swift; path = ContentView.swift; sourceTree = "<group>"; };
		76D4E2B02403FF23002CECAD /* Assets.xcassets */ = {isa = PBXFileReference; lastKnownFileType = folder.assetcatalog; path = Assets.xcassets; sourceTree = "<group>"; };
		76D4E2B32403FF23002CECAD /* Preview Assets.xcassets */ = {isa = PBXFileReference; lastKnownFileType = folder.assetcatalog; path = "Preview Assets.xcassets"; sourceTree = "<group>"; };
		76D4E2B62403FF23002CECAD /* Base */ = {isa = PBXFileReference; lastKnownFileType = file.storyboard; name = Base; path = Base.lproj/LaunchScreen.storyboard; sourceTree = "<group>"; };
		76D4E2B82403FF23002CECAD /* Info.plist */ = {isa = PBXFileReference; lastKnownFileType = text.plist.xml; path = Info.plist; sourceTree = "<group>"; };
/* End PBXFileReference section */

/* Begin PBXFrameworksBuildPhase section */
		76D4E2A12403FF21002CECAD /* Frameworks */ = {
			isa = PBXFrameworksBuildPhase;
			buildActionMask = 2147483647;
			files = (
			);
			runOnlyForDeploymentPostprocessing = 0;
		};
/* End PBXFrameworksBuildPhase section */

/* Begin PBXGroup section */
		7660D6672405CC2C00163751 /* ShopList */ = {
			isa = PBXGroup;
			children = (
				76D4E2AE2403FF21002CECAD /* ContentView.swift */,
				7660D6682405CC4300163751 /* ItemCell.swift */,
			);
			path = ShopList;
			sourceTree = "<group>";
		};
		76D4E29B2403FF21002CECAD = {
			isa = PBXGroup;
			children = (
				768C43802404C79E008C5454 /* Item+CoreDataClass.swift */,
				768C43812404C79E008C5454 /* Item+CoreDataProperties.swift */,
				76D4E2A62403FF21002CECAD /* ShoppingList */,
				76D4E2A52403FF21002CECAD /* Products */,
			);
			sourceTree = "<group>";
		};
		76D4E2A52403FF21002CECAD /* Products */ = {
			isa = PBXGroup;
			children = (
				76D4E2A42403FF21002CECAD /* ShoppingList.app */,
			);
			name = Products;
			sourceTree = "<group>";
		};
		76D4E2A62403FF21002CECAD /* ShoppingList */ = {
			isa = PBXGroup;
			children = (
				76D4E2A72403FF21002CECAD /* AppDelegate.swift */,
				76D4E2A92403FF21002CECAD /* SceneDelegate.swift */,
				7660D6672405CC2C00163751 /* ShopList */,
				76D4E2B02403FF23002CECAD /* Assets.xcassets */,
				76D4E2B52403FF23002CECAD /* LaunchScreen.storyboard */,
				76D4E2B82403FF23002CECAD /* Info.plist */,
				76D4E2AB2403FF21002CECAD /* ShoppingList.xcdatamodeld */,
				76D4E2B22403FF23002CECAD /* Preview Content */,
				76B4A13E2404991100DBE46C /* AddItemSheet.swift */,
				7660D66A2405CF2A00163751 /* Color+Extension.swift */,
			);
			path = ShoppingList;
			sourceTree = "<group>";
		};
		76D4E2B22403FF23002CECAD /* Preview Content */ = {
			isa = PBXGroup;
			children = (
				76D4E2B32403FF23002CECAD /* Preview Assets.xcassets */,
			);
			path = "Preview Content";
			sourceTree = "<group>";
		};
/* End PBXGroup section */

/* Begin PBXNativeTarget section */
		76D4E2A32403FF21002CECAD /* ShoppingList */ = {
			isa = PBXNativeTarget;
			buildConfigurationList = 76D4E2BB2403FF23002CECAD /* Build configuration list for PBXNativeTarget "ShoppingList" */;
			buildPhases = (
				76D4E2A02403FF21002CECAD /* Sources */,
				76D4E2A12403FF21002CECAD /* Frameworks */,
				76D4E2A22403FF21002CECAD /* Resources */,
			);
			buildRules = (
			);
			dependencies = (
			);
			name = ShoppingList;
			productName = ShoppingList;
			productReference = 76D4E2A42403FF21002CECAD /* ShoppingList.app */;
			productType = "com.apple.product-type.application";
		};
/* End PBXNativeTarget section */

/* Begin PBXProject section */
		76D4E29C2403FF21002CECAD /* Project object */ = {
			isa = PBXProject;
			attributes = {
				LastSwiftUpdateCheck = 1130;
				LastUpgradeCheck = 1130;
				ORGANIZATIONNAME = Victors;
				TargetAttributes = {
					76D4E2A32403FF21002CECAD = {
						CreatedOnToolsVersion = 11.3.1;
					};
				};
			};
			buildConfigurationList = 76D4E29F2403FF21002CECAD /* Build configuration list for PBXProject "ShoppingList" */;
			compatibilityVersion = "Xcode 9.3";
			developmentRegion = en;
			hasScannedForEncodings = 0;
			knownRegions = (
				en,
				Base,
			);
			mainGroup = 76D4E29B2403FF21002CECAD;
			productRefGroup = 76D4E2A52403FF21002CECAD /* Products */;
			projectDirPath = "";
			projectRoot = "";
			targets = (
				76D4E2A32403FF21002CECAD /* ShoppingList */,
			);
		};
/* End PBXProject section */

/* Begin PBXResourcesBuildPhase section */
		76D4E2A22403FF21002CECAD /* Resources */ = {
			isa = PBXResourcesBuildPhase;
			buildActionMask = 2147483647;
			files = (
				76D4E2B72403FF23002CECAD /* LaunchScreen.storyboard in Resources */,
				76D4E2B42403FF23002CECAD /* Preview Assets.xcassets in Resources */,
				76D4E2B12403FF23002CECAD /* Assets.xcassets in Resources */,
			);
			runOnlyForDeploymentPostprocessing = 0;
		};
/* End PBXResourcesBuildPhase section */

/* Begin PBXSourcesBuildPhase section */
		76D4E2A02403FF21002CECAD /* Sources */ = {
			isa = PBXSourcesBuildPhase;
			buildActionMask = 2147483647;
			files = (
				7660D6692405CC4300163751 /* ItemCell.swift in Sources */,
				7660D66B2405CF2A00163751 /* Color+Extension.swift in Sources */,
				768C43832404C79E008C5454 /* Item+CoreDataProperties.swift in Sources */,
				768C43822404C79E008C5454 /* Item+CoreDataClass.swift in Sources */,
				76D4E2AD2403FF21002CECAD /* ShoppingList.xcdatamodeld in Sources */,
				76D4E2A82403FF21002CECAD /* AppDelegate.swift in Sources */,
				76B4A13F2404991100DBE46C /* AddItemSheet.swift in Sources */,
				76D4E2AF2403FF21002CECAD /* ContentView.swift in Sources */,
				76D4E2AA2403FF21002CECAD /* SceneDelegate.swift in Sources */,
			);
			runOnlyForDeploymentPostprocessing = 0;
		};
/* End PBXSourcesBuildPhase section */

/* Begin PBXVariantGroup section */
		76D4E2B52403FF23002CECAD /* LaunchScreen.storyboard */ = {
			isa = PBXVariantGroup;
			children = (
				76D4E2B62403FF23002CECAD /* Base */,
			);
			name = LaunchScreen.storyboard;
			sourceTree = "<group>";
		};
/* End PBXVariantGroup section */

/* Begin XCBuildConfiguration section */
		76D4E2B92403FF23002CECAD /* Debug */ = {
			isa = XCBuildConfiguration;
			buildSettings = {
				ALWAYS_SEARCH_USER_PATHS = NO;
				CLANG_ANALYZER_NONNULL = YES;
				CLANG_ANALYZER_NUMBER_OBJECT_CONVERSION = YES_AGGRESSIVE;
				CLANG_CXX_LANGUAGE_STANDARD = "gnu++14";
				CLANG_CXX_LIBRARY = "libc++";
				CLANG_ENABLE_MODULES = YES;
				CLANG_ENABLE_OBJC_ARC = YES;
				CLANG_ENABLE_OBJC_WEAK = YES;
				CLANG_WARN_BLOCK_CAPTURE_AUTORELEASING = YES;
				CLANG_WARN_BOOL_CONVERSION = YES;
				CLANG_WARN_COMMA = YES;
				CLANG_WARN_CONSTANT_CONVERSION = YES;
				CLANG_WARN_DEPRECATED_OBJC_IMPLEMENTATIONS = YES;
				CLANG_WARN_DIRECT_OBJC_ISA_USAGE = YES_ERROR;
				CLANG_WARN_DOCUMENTATION_COMMENTS = YES;
				CLANG_WARN_EMPTY_BODY = YES;
				CLANG_WARN_ENUM_CONVERSION = YES;
				CLANG_WARN_INFINITE_RECURSION = YES;
				CLANG_WARN_INT_CONVERSION = YES;
				CLANG_WARN_NON_LITERAL_NULL_CONVERSION = YES;
				CLANG_WARN_OBJC_IMPLICIT_RETAIN_SELF = YES;
				CLANG_WARN_OBJC_LITERAL_CONVERSION = YES;
				CLANG_WARN_OBJC_ROOT_CLASS = YES_ERROR;
				CLANG_WARN_RANGE_LOOP_ANALYSIS = YES;
				CLANG_WARN_STRICT_PROTOTYPES = YES;
				CLANG_WARN_SUSPICIOUS_MOVE = YES;
				CLANG_WARN_UNGUARDED_AVAILABILITY = YES_AGGRESSIVE;
				CLANG_WARN_UNREACHABLE_CODE = YES;
				CLANG_WARN__DUPLICATE_METHOD_MATCH = YES;
				COPY_PHASE_STRIP = NO;
				DEBUG_INFORMATION_FORMAT = dwarf;
				ENABLE_STRICT_OBJC_MSGSEND = YES;
				ENABLE_TESTABILITY = YES;
				GCC_C_LANGUAGE_STANDARD = gnu11;
				GCC_DYNAMIC_NO_PIC = NO;
				GCC_NO_COMMON_BLOCKS = YES;
				GCC_OPTIMIZATION_LEVEL = 0;
				GCC_PREPROCESSOR_DEFINITIONS = (
					"DEBUG=1",
					"$(inherited)",
				);
				GCC_WARN_64_TO_32_BIT_CONVERSION = YES;
				GCC_WARN_ABOUT_RETURN_TYPE = YES_ERROR;
				GCC_WARN_UNDECLARED_SELECTOR = YES;
				GCC_WARN_UNINITIALIZED_AUTOS = YES_AGGRESSIVE;
				GCC_WARN_UNUSED_FUNCTION = YES;
				GCC_WARN_UNUSED_VARIABLE = YES;
				IPHONEOS_DEPLOYMENT_TARGET = 13.2;
				MTL_ENABLE_DEBUG_INFO = INCLUDE_SOURCE;
				MTL_FAST_MATH = YES;
				ONLY_ACTIVE_ARCH = YES;
				SDKROOT = iphoneos;
				SWIFT_ACTIVE_COMPILATION_CONDITIONS = DEBUG;
				SWIFT_OPTIMIZATION_LEVEL = "-Onone";
			};
			name = Debug;
		};
		76D4E2BA2403FF23002CECAD /* Release */ = {
			isa = XCBuildConfiguration;
			buildSettings = {
				ALWAYS_SEARCH_USER_PATHS = NO;
				CLANG_ANALYZER_NONNULL = YES;
				CLANG_ANALYZER_NUMBER_OBJECT_CONVERSION = YES_AGGRESSIVE;
				CLANG_CXX_LANGUAGE_STANDARD = "gnu++14";
				CLANG_CXX_LIBRARY = "libc++";
				CLANG_ENABLE_MODULES = YES;
				CLANG_ENABLE_OBJC_ARC = YES;
				CLANG_ENABLE_OBJC_WEAK = YES;
				CLANG_WARN_BLOCK_CAPTURE_AUTORELEASING = YES;
				CLANG_WARN_BOOL_CONVERSION = YES;
				CLANG_WARN_COMMA = YES;
				CLANG_WARN_CONSTANT_CONVERSION = YES;
				CLANG_WARN_DEPRECATED_OBJC_IMPLEMENTATIONS = YES;
				CLANG_WARN_DIRECT_OBJC_ISA_USAGE = YES_ERROR;
				CLANG_WARN_DOCUMENTATION_COMMENTS = YES;
				CLANG_WARN_EMPTY_BODY = YES;
				CLANG_WARN_ENUM_CONVERSION = YES;
				CLANG_WARN_INFINITE_RECURSION = YES;
				CLANG_WARN_INT_CONVERSION = YES;
				CLANG_WARN_NON_LITERAL_NULL_CONVERSION = YES;
				CLANG_WARN_OBJC_IMPLICIT_RETAIN_SELF = YES;
				CLANG_WARN_OBJC_LITERAL_CONVERSION = YES;
				CLANG_WARN_OBJC_ROOT_CLASS = YES_ERROR;
				CLANG_WARN_RANGE_LOOP_ANALYSIS = YES;
				CLANG_WARN_STRICT_PROTOTYPES = YES;
				CLANG_WARN_SUSPICIOUS_MOVE = YES;
				CLANG_WARN_UNGUARDED_AVAILABILITY = YES_AGGRESSIVE;
				CLANG_WARN_UNREACHABLE_CODE = YES;
				CLANG_WARN__DUPLICATE_METHOD_MATCH = YES;
				COPY_PHASE_STRIP = NO;
				DEBUG_INFORMATION_FORMAT = "dwarf-with-dsym";
				ENABLE_NS_ASSERTIONS = NO;
				ENABLE_STRICT_OBJC_MSGSEND = YES;
				GCC_C_LANGUAGE_STANDARD = gnu11;
				GCC_NO_COMMON_BLOCKS = YES;
				GCC_WARN_64_TO_32_BIT_CONVERSION = YES;
				GCC_WARN_ABOUT_RETURN_TYPE = YES_ERROR;
				GCC_WARN_UNDECLARED_SELECTOR = YES;
				GCC_WARN_UNINITIALIZED_AUTOS = YES_AGGRESSIVE;
				GCC_WARN_UNUSED_FUNCTION = YES;
				GCC_WARN_UNUSED_VARIABLE = YES;
				IPHONEOS_DEPLOYMENT_TARGET = 13.2;
				MTL_ENABLE_DEBUG_INFO = NO;
				MTL_FAST_MATH = YES;
				SDKROOT = iphoneos;
				SWIFT_COMPILATION_MODE = wholemodule;
				SWIFT_OPTIMIZATION_LEVEL = "-O";
				VALIDATE_PRODUCT = YES;
			};
			name = Release;
		};
		76D4E2BC2403FF23002CECAD /* Debug */ = {
			isa = XCBuildConfiguration;
			buildSettings = {
				ASSETCATALOG_COMPILER_APPICON_NAME = AppIcon;
				CODE_SIGN_STYLE = Automatic;
				CURRENT_PROJECT_VERSION = 2;
				DEVELOPMENT_ASSET_PATHS = "\"ShoppingList/Preview Content\"";
				DEVELOPMENT_TEAM = AYH9NYMQ3Y;
				ENABLE_PREVIEWS = YES;
				INFOPLIST_FILE = ShoppingList/Info.plist;
				LD_RUNPATH_SEARCH_PATHS = (
					"$(inherited)",
					"@executable_path/Frameworks",
				);
				MARKETING_VERSION = 1.0.0;
				PRODUCT_BUNDLE_IDENTIFIER = Victors.ShoppingList;
				PRODUCT_NAME = "$(TARGET_NAME)";
				SWIFT_VERSION = 5.0;
				TARGETED_DEVICE_FAMILY = "1,2";
			};
			name = Debug;
		};
		76D4E2BD2403FF23002CECAD /* Release */ = {
			isa = XCBuildConfiguration;
			buildSettings = {
				ASSETCATALOG_COMPILER_APPICON_NAME = AppIcon;
				CODE_SIGN_STYLE = Automatic;
				CURRENT_PROJECT_VERSION = 2;
				DEVELOPMENT_ASSET_PATHS = "\"ShoppingList/Preview Content\"";
				DEVELOPMENT_TEAM = AYH9NYMQ3Y;
				ENABLE_PREVIEWS = YES;
				INFOPLIST_FILE = ShoppingList/Info.plist;
				LD_RUNPATH_SEARCH_PATHS = (
					"$(inherited)",
					"@executable_path/Frameworks",
				);
				MARKETING_VERSION = 1.0.0;
				PRODUCT_BUNDLE_IDENTIFIER = Victors.ShoppingList;
				PRODUCT_NAME = "$(TARGET_NAME)";
				SWIFT_VERSION = 5.0;
				TARGETED_DEVICE_FAMILY = "1,2";
			};
			name = Release;
		};
/* End XCBuildConfiguration section */

/* Begin XCConfigurationList section */
		76D4E29F2403FF21002CECAD /* Build configuration list for PBXProject "ShoppingList" */ = {
			isa = XCConfigurationList;
			buildConfigurations = (
				76D4E2B92403FF23002CECAD /* Debug */,
				76D4E2BA2403FF23002CECAD /* Release */,
			);
			defaultConfigurationIsVisible = 0;
			defaultConfigurationName = Release;
		};
		76D4E2BB2403FF23002CECAD /* Build configuration list for PBXNativeTarget "ShoppingList" */ = {
			isa = XCConfigurationList;
			buildConfigurations = (
				76D4E2BC2403FF23002CECAD /* Debug */,
				76D4E2BD2403FF23002CECAD /* Release */,
			);
			defaultConfigurationIsVisible = 0;
			defaultConfigurationName = Release;
		};
/* End XCConfigurationList section */

/* Begin XCVersionGroup section */
		76D4E2AB2403FF21002CECAD /* ShoppingList.xcdatamodeld */ = {
			isa = XCVersionGroup;
			children = (
				76D4E2AC2403FF21002CECAD /* ShoppingList.xcdatamodel */,
			);
			currentVersion = 76D4E2AC2403FF21002CECAD /* ShoppingList.xcdatamodel */;
			path = ShoppingList.xcdatamodeld;
			sourceTree = "<group>";
			versionGroupType = wrapper.xcdatamodel;
		};
/* End XCVersionGroup section */
	};
	rootObject = 76D4E29C2403FF21002CECAD /* Project object */;
}
